// !$*UTF8*$!
{
	archiveVersion = 1;
	classes = {
	};
	objectVersion = 56;
	objects = {

/* Begin PBXBuildFile section */
		AC2FCC842B7C0E1D00A1A526 /* BackStartStack.swift in Sources */ = {isa = PBXBuildFile; fileRef = AC2FCC832B7C0E1D00A1A526 /* BackStartStack.swift */; };
		AC2FCC862B7C0F8400A1A526 /* WelcomeView.swift in Sources */ = {isa = PBXBuildFile; fileRef = AC2FCC852B7C0F8400A1A526 /* WelcomeView.swift */; };
		AC2FCC882B7C25DF00A1A526 /* GameView.swift in Sources */ = {isa = PBXBuildFile; fileRef = AC2FCC872B7C25DF00A1A526 /* GameView.swift */; };
		AC2FCC8A2B7C2BC100A1A526 /* PauseView.swift in Sources */ = {isa = PBXBuildFile; fileRef = AC2FCC892B7C2BC100A1A526 /* PauseView.swift */; };
		AC2FCC8C2B7CE89800A1A526 /* LuminanceToAlpha.swift in Sources */ = {isa = PBXBuildFile; fileRef = AC2FCC8B2B7CE89800A1A526 /* LuminanceToAlpha.swift */; };
		AC2FCC8E2B7CEA9200A1A526 /* EndGameView.swift in Sources */ = {isa = PBXBuildFile; fileRef = AC2FCC8D2B7CEA9200A1A526 /* EndGameView.swift */; };
		AC2FCC902B7D215900A1A526 /* GameLogic.swift in Sources */ = {isa = PBXBuildFile; fileRef = AC2FCC8F2B7D215800A1A526 /* GameLogic.swift */; };
		AC2FCC932B7D664400A1A526 /* SplashView.swift in Sources */ = {isa = PBXBuildFile; fileRef = AC2FCC922B7D664400A1A526 /* SplashView.swift */; };
		AC2FCC952B7D6B3700A1A526 /* EndGameModel.swift in Sources */ = {isa = PBXBuildFile; fileRef = AC2FCC942B7D6B3700A1A526 /* EndGameModel.swift */; };
		AC2FCC982B7D7E2400A1A526 /* EarthQuest.swift in Sources */ = {isa = PBXBuildFile; fileRef = AC2FCC972B7D7E2400A1A526 /* EarthQuest.swift */; };
		AC2FCC9A2B7D8D9000A1A526 /* FireQuest.swift in Sources */ = {isa = PBXBuildFile; fileRef = AC2FCC992B7D8D9000A1A526 /* FireQuest.swift */; };
		AC2FCC9C2B7DEEB500A1A526 /* WaterQuest.swift in Sources */ = {isa = PBXBuildFile; fileRef = AC2FCC9B2B7DEEB500A1A526 /* WaterQuest.swift */; };
		AC2FCC9E2B7DF6BD00A1A526 /* WaterItems.swift in Sources */ = {isa = PBXBuildFile; fileRef = AC2FCC9D2B7DF6BD00A1A526 /* WaterItems.swift */; };
		AC2FCCA02B7E3B8F00A1A526 /* AirQuest.swift in Sources */ = {isa = PBXBuildFile; fileRef = AC2FCC9F2B7E3B8F00A1A526 /* AirQuest.swift */; };
		AC2FCCA22B7E620600A1A526 /* WonSpins.swift in Sources */ = {isa = PBXBuildFile; fileRef = AC2FCCA12B7E620600A1A526 /* WonSpins.swift */; };
		AC2FCCA42B7E711A00A1A526 /* RaysDust.swift in Sources */ = {isa = PBXBuildFile; fileRef = AC2FCCA32B7E711A00A1A526 /* RaysDust.swift */; };
		AC2FCCC22B7EB2F400A1A526 /* AnyTransition+ext.swift in Sources */ = {isa = PBXBuildFile; fileRef = AC2FCCC12B7EB2F400A1A526 /* AnyTransition+ext.swift */; };
		AC2FCCC42B7F637B00A1A526 /* EarthWin.swift in Sources */ = {isa = PBXBuildFile; fileRef = AC2FCCC32B7F637B00A1A526 /* EarthWin.swift */; };
		AC2FCCC62B7F69F900A1A526 /* FireWin.swift in Sources */ = {isa = PBXBuildFile; fileRef = AC2FCCC52B7F69F900A1A526 /* FireWin.swift */; };
		AC2FCCC82B7F709500A1A526 /* FireWinGeometry.swift in Sources */ = {isa = PBXBuildFile; fileRef = AC2FCCC72B7F709500A1A526 /* FireWinGeometry.swift */; };
		AC2FCCCA2B7F826400A1A526 /* WaterWin.swift in Sources */ = {isa = PBXBuildFile; fileRef = AC2FCCC92B7F826400A1A526 /* WaterWin.swift */; };
		AC2FCCCC2B7FA41F00A1A526 /* AirWin.swift in Sources */ = {isa = PBXBuildFile; fileRef = AC2FCCCB2B7FA41F00A1A526 /* AirWin.swift */; };
		AC2FCCCE2B7FB12700A1A526 /* ChestView.swift in Sources */ = {isa = PBXBuildFile; fileRef = AC2FCCCD2B7FB12700A1A526 /* ChestView.swift */; };
		AC2FCCD02B7FB9BB00A1A526 /* Inter-Bold.ttf in Resources */ = {isa = PBXBuildFile; fileRef = AC2FCCCF2B7FB9BB00A1A526 /* Inter-Bold.ttf */; };
		AC2FCCD22B7FB9CB00A1A526 /* Inter-Medium.ttf in Resources */ = {isa = PBXBuildFile; fileRef = AC2FCCD12B7FB9CA00A1A526 /* Inter-Medium.ttf */; };
		AC9D32CD2B7919050018ABF1 /* GloryCasinoApp.swift in Sources */ = {isa = PBXBuildFile; fileRef = AC9D32CC2B7919050018ABF1 /* GloryCasinoApp.swift */; };
		AC9D32CF2B7919050018ABF1 /* ContentView.swift in Sources */ = {isa = PBXBuildFile; fileRef = AC9D32CE2B7919050018ABF1 /* ContentView.swift */; };
		AC9D32D12B7919070018ABF1 /* Assets.xcassets in Resources */ = {isa = PBXBuildFile; fileRef = AC9D32D02B7919070018ABF1 /* Assets.xcassets */; };
		AC9D32D42B7919080018ABF1 /* Preview Assets.xcassets in Resources */ = {isa = PBXBuildFile; fileRef = AC9D32D32B7919080018ABF1 /* Preview Assets.xcassets */; };
		AC9D32DC2B7927040018ABF1 /* Text.swift in Sources */ = {isa = PBXBuildFile; fileRef = AC9D32DB2B7927040018ABF1 /* Text.swift */; };
		AC9D32E02B7AA0060018ABF1 /* BackgroundView.swift in Sources */ = {isa = PBXBuildFile; fileRef = AC9D32DF2B7AA0060018ABF1 /* BackgroundView.swift */; };
		AC9D32E32B7AA34A0018ABF1 /* Colors.swift in Sources */ = {isa = PBXBuildFile; fileRef = AC9D32E22B7AA34A0018ABF1 /* Colors.swift */; };
		AC9D32E62B7AAA780018ABF1 /* InfoView.swift in Sources */ = {isa = PBXBuildFile; fileRef = AC9D32E52B7AAA780018ABF1 /* InfoView.swift */; };
		AC9D32E92B7AACE00018ABF1 /* Image+ext.swift in Sources */ = {isa = PBXBuildFile; fileRef = AC9D32E82B7AACE00018ABF1 /* Image+ext.swift */; };
		AC9D32EB2B7AAD6E0018ABF1 /* Fonts.swift in Sources */ = {isa = PBXBuildFile; fileRef = AC9D32EA2B7AAD6E0018ABF1 /* Fonts.swift */; };
		AC9D32EE2B7AAF280018ABF1 /* Inter-SemiBold.ttf in Resources */ = {isa = PBXBuildFile; fileRef = AC9D32ED2B7AAF280018ABF1 /* Inter-SemiBold.ttf */; };
		AC9D32F02B7AAF550018ABF1 /* Inter-Black.ttf in Resources */ = {isa = PBXBuildFile; fileRef = AC9D32EF2B7AAF550018ABF1 /* Inter-Black.ttf */; };
		AC9D32F32B7AC28E0018ABF1 /* MenuView.swift in Sources */ = {isa = PBXBuildFile; fileRef = AC9D32F22B7AC28E0018ABF1 /* MenuView.swift */; };
/* End PBXBuildFile section */

/* Begin PBXFileReference section */
		AC2FCC832B7C0E1D00A1A526 /* BackStartStack.swift */ = {isa = PBXFileReference; lastKnownFileType = sourcecode.swift; path = BackStartStack.swift; sourceTree = "<group>"; };
		AC2FCC852B7C0F8400A1A526 /* WelcomeView.swift */ = {isa = PBXFileReference; lastKnownFileType = sourcecode.swift; path = WelcomeView.swift; sourceTree = "<group>"; };
		AC2FCC872B7C25DF00A1A526 /* GameView.swift */ = {isa = PBXFileReference; lastKnownFileType = sourcecode.swift; path = GameView.swift; sourceTree = "<group>"; };
		AC2FCC892B7C2BC100A1A526 /* PauseView.swift */ = {isa = PBXFileReference; lastKnownFileType = sourcecode.swift; path = PauseView.swift; sourceTree = "<group>"; };
		AC2FCC8B2B7CE89800A1A526 /* LuminanceToAlpha.swift */ = {isa = PBXFileReference; lastKnownFileType = sourcecode.swift; path = LuminanceToAlpha.swift; sourceTree = "<group>"; };
		AC2FCC8D2B7CEA9200A1A526 /* EndGameView.swift */ = {isa = PBXFileReference; lastKnownFileType = sourcecode.swift; path = EndGameView.swift; sourceTree = "<group>"; };
		AC2FCC8F2B7D215800A1A526 /* GameLogic.swift */ = {isa = PBXFileReference; lastKnownFileType = sourcecode.swift; path = GameLogic.swift; sourceTree = "<group>"; };
		AC2FCC922B7D664400A1A526 /* SplashView.swift */ = {isa = PBXFileReference; lastKnownFileType = sourcecode.swift; path = SplashView.swift; sourceTree = "<group>"; };
		AC2FCC942B7D6B3700A1A526 /* EndGameModel.swift */ = {isa = PBXFileReference; lastKnownFileType = sourcecode.swift; path = EndGameModel.swift; sourceTree = "<group>"; };
		AC2FCC972B7D7E2400A1A526 /* EarthQuest.swift */ = {isa = PBXFileReference; lastKnownFileType = sourcecode.swift; path = EarthQuest.swift; sourceTree = "<group>"; };
		AC2FCC992B7D8D9000A1A526 /* FireQuest.swift */ = {isa = PBXFileReference; lastKnownFileType = sourcecode.swift; path = FireQuest.swift; sourceTree = "<group>"; };
		AC2FCC9B2B7DEEB500A1A526 /* WaterQuest.swift */ = {isa = PBXFileReference; lastKnownFileType = sourcecode.swift; path = WaterQuest.swift; sourceTree = "<group>"; };
		AC2FCC9D2B7DF6BD00A1A526 /* WaterItems.swift */ = {isa = PBXFileReference; lastKnownFileType = sourcecode.swift; path = WaterItems.swift; sourceTree = "<group>"; };
		AC2FCC9F2B7E3B8F00A1A526 /* AirQuest.swift */ = {isa = PBXFileReference; lastKnownFileType = sourcecode.swift; path = AirQuest.swift; sourceTree = "<group>"; };
		AC2FCCA12B7E620600A1A526 /* WonSpins.swift */ = {isa = PBXFileReference; lastKnownFileType = sourcecode.swift; path = WonSpins.swift; sourceTree = "<group>"; };
		AC2FCCA32B7E711A00A1A526 /* RaysDust.swift */ = {isa = PBXFileReference; lastKnownFileType = sourcecode.swift; path = RaysDust.swift; sourceTree = "<group>"; };
		AC2FCCC12B7EB2F400A1A526 /* AnyTransition+ext.swift */ = {isa = PBXFileReference; lastKnownFileType = sourcecode.swift; path = "AnyTransition+ext.swift"; sourceTree = "<group>"; };
		AC2FCCC32B7F637B00A1A526 /* EarthWin.swift */ = {isa = PBXFileReference; lastKnownFileType = sourcecode.swift; path = EarthWin.swift; sourceTree = "<group>"; };
		AC2FCCC52B7F69F900A1A526 /* FireWin.swift */ = {isa = PBXFileReference; lastKnownFileType = sourcecode.swift; path = FireWin.swift; sourceTree = "<group>"; };
		AC2FCCC72B7F709500A1A526 /* FireWinGeometry.swift */ = {isa = PBXFileReference; lastKnownFileType = sourcecode.swift; path = FireWinGeometry.swift; sourceTree = "<group>"; };
		AC2FCCC92B7F826400A1A526 /* WaterWin.swift */ = {isa = PBXFileReference; lastKnownFileType = sourcecode.swift; path = WaterWin.swift; sourceTree = "<group>"; };
		AC2FCCCB2B7FA41F00A1A526 /* AirWin.swift */ = {isa = PBXFileReference; lastKnownFileType = sourcecode.swift; path = AirWin.swift; sourceTree = "<group>"; };
		AC2FCCCD2B7FB12700A1A526 /* ChestView.swift */ = {isa = PBXFileReference; lastKnownFileType = sourcecode.swift; path = ChestView.swift; sourceTree = "<group>"; };
		AC2FCCCF2B7FB9BB00A1A526 /* Inter-Bold.ttf */ = {isa = PBXFileReference; lastKnownFileType = file; path = "Inter-Bold.ttf"; sourceTree = "<group>"; };
		AC2FCCD12B7FB9CA00A1A526 /* Inter-Medium.ttf */ = {isa = PBXFileReference; lastKnownFileType = file; path = "Inter-Medium.ttf"; sourceTree = "<group>"; };
		AC9D32C92B7919050018ABF1 /* GloryCasino.app */ = {isa = PBXFileReference; explicitFileType = wrapper.application; includeInIndex = 0; path = GloryCasino.app; sourceTree = BUILT_PRODUCTS_DIR; };
		AC9D32CC2B7919050018ABF1 /* GloryCasinoApp.swift */ = {isa = PBXFileReference; lastKnownFileType = sourcecode.swift; path = GloryCasinoApp.swift; sourceTree = "<group>"; };
		AC9D32CE2B7919050018ABF1 /* ContentView.swift */ = {isa = PBXFileReference; lastKnownFileType = sourcecode.swift; path = ContentView.swift; sourceTree = "<group>"; };
		AC9D32D02B7919070018ABF1 /* Assets.xcassets */ = {isa = PBXFileReference; lastKnownFileType = folder.assetcatalog; path = Assets.xcassets; sourceTree = "<group>"; };
		AC9D32D32B7919080018ABF1 /* Preview Assets.xcassets */ = {isa = PBXFileReference; lastKnownFileType = folder.assetcatalog; path = "Preview Assets.xcassets"; sourceTree = "<group>"; };
		AC9D32DB2B7927040018ABF1 /* Text.swift */ = {isa = PBXFileReference; lastKnownFileType = sourcecode.swift; path = Text.swift; sourceTree = "<group>"; };
		AC9D32DF2B7AA0060018ABF1 /* BackgroundView.swift */ = {isa = PBXFileReference; lastKnownFileType = sourcecode.swift; path = BackgroundView.swift; sourceTree = "<group>"; };
		AC9D32E22B7AA34A0018ABF1 /* Colors.swift */ = {isa = PBXFileReference; lastKnownFileType = sourcecode.swift; path = Colors.swift; sourceTree = "<group>"; };
		AC9D32E52B7AAA780018ABF1 /* InfoView.swift */ = {isa = PBXFileReference; lastKnownFileType = sourcecode.swift; path = InfoView.swift; sourceTree = "<group>"; };
		AC9D32E82B7AACE00018ABF1 /* Image+ext.swift */ = {isa = PBXFileReference; lastKnownFileType = sourcecode.swift; path = "Image+ext.swift"; sourceTree = "<group>"; };
		AC9D32EA2B7AAD6E0018ABF1 /* Fonts.swift */ = {isa = PBXFileReference; lastKnownFileType = sourcecode.swift; path = Fonts.swift; sourceTree = "<group>"; };
		AC9D32ED2B7AAF280018ABF1 /* Inter-SemiBold.ttf */ = {isa = PBXFileReference; lastKnownFileType = file; path = "Inter-SemiBold.ttf"; sourceTree = "<group>"; };
		AC9D32EF2B7AAF550018ABF1 /* Inter-Black.ttf */ = {isa = PBXFileReference; lastKnownFileType = file; path = "Inter-Black.ttf"; sourceTree = "<group>"; };
		AC9D32F12B7AAF6D0018ABF1 /* Info.plist */ = {isa = PBXFileReference; lastKnownFileType = text.plist; path = Info.plist; sourceTree = "<group>"; };
		AC9D32F22B7AC28E0018ABF1 /* MenuView.swift */ = {isa = PBXFileReference; lastKnownFileType = sourcecode.swift; path = MenuView.swift; sourceTree = "<group>"; };
/* End PBXFileReference section */

/* Begin PBXFrameworksBuildPhase section */
		AC9D32C62B7919050018ABF1 /* Frameworks */ = {
			isa = PBXFrameworksBuildPhase;
			buildActionMask = 2147483647;
			files = (
			);
			runOnlyForDeploymentPostprocessing = 0;
		};
/* End PBXFrameworksBuildPhase section */

/* Begin PBXGroup section */
		AC2FCC912B7D5EE700A1A526 /* Model */ = {
			isa = PBXGroup;
			children = (
				AC2FCC942B7D6B3700A1A526 /* EndGameModel.swift */,
				AC2FCC9D2B7DF6BD00A1A526 /* WaterItems.swift */,
				AC2FCCC72B7F709500A1A526 /* FireWinGeometry.swift */,
			);
			path = Model;
			sourceTree = "<group>";
		};
		AC2FCC962B7D7C3C00A1A526 /* Quest */ = {
			isa = PBXGroup;
			children = (
				AC2FCC972B7D7E2400A1A526 /* EarthQuest.swift */,
				AC2FCC992B7D8D9000A1A526 /* FireQuest.swift */,
				AC2FCC9B2B7DEEB500A1A526 /* WaterQuest.swift */,
				AC2FCC9F2B7E3B8F00A1A526 /* AirQuest.swift */,
			);
			path = Quest;
			sourceTree = "<group>";
		};
		AC9D32C02B7919050018ABF1 = {
			isa = PBXGroup;
			children = (
				AC9D32CB2B7919050018ABF1 /* GloryCasino */,
				AC9D32CA2B7919050018ABF1 /* Products */,
			);
			sourceTree = "<group>";
		};
		AC9D32CA2B7919050018ABF1 /* Products */ = {
			isa = PBXGroup;
			children = (
				AC9D32C92B7919050018ABF1 /* GloryCasino.app */,
			);
			name = Products;
			sourceTree = "<group>";
		};
		AC9D32CB2B7919050018ABF1 /* GloryCasino */ = {
			isa = PBXGroup;
			children = (
				AC9D32F12B7AAF6D0018ABF1 /* Info.plist */,
				AC9D32CC2B7919050018ABF1 /* GloryCasinoApp.swift */,
				AC9D32CE2B7919050018ABF1 /* ContentView.swift */,
				AC2FCC8F2B7D215800A1A526 /* GameLogic.swift */,
				AC9D32E42B7AAA650018ABF1 /* Screens */,
				AC9D32E12B7AA00A0018ABF1 /* Components */,
				AC2FCC912B7D5EE700A1A526 /* Model */,
				AC9D32DA2B7926F70018ABF1 /* Resources */,
				AC9D32E72B7AACC20018ABF1 /* Extensions */,
				AC9D32D02B7919070018ABF1 /* Assets.xcassets */,
				AC9D32D22B7919080018ABF1 /* Preview Content */,
			);
			path = GloryCasino;
			sourceTree = "<group>";
		};
		AC9D32D22B7919080018ABF1 /* Preview Content */ = {
			isa = PBXGroup;
			children = (
				AC9D32D32B7919080018ABF1 /* Preview Assets.xcassets */,
			);
			path = "Preview Content";
			sourceTree = "<group>";
		};
		AC9D32DA2B7926F70018ABF1 /* Resources */ = {
			isa = PBXGroup;
			children = (
				AC9D32DB2B7927040018ABF1 /* Text.swift */,
				AC9D32EA2B7AAD6E0018ABF1 /* Fonts.swift */,
				AC9D32E22B7AA34A0018ABF1 /* Colors.swift */,
				AC9D32EC2B7AAF030018ABF1 /* Fonts */,
			);
			path = Resources;
			sourceTree = "<group>";
		};
		AC9D32E12B7AA00A0018ABF1 /* Components */ = {
			isa = PBXGroup;
			children = (
				AC9D32DF2B7AA0060018ABF1 /* BackgroundView.swift */,
				AC2FCCA32B7E711A00A1A526 /* RaysDust.swift */,
				AC2FCC892B7C2BC100A1A526 /* PauseView.swift */,
				AC2FCC832B7C0E1D00A1A526 /* BackStartStack.swift */,
				AC2FCCC32B7F637B00A1A526 /* EarthWin.swift */,
				AC2FCCC52B7F69F900A1A526 /* FireWin.swift */,
				AC2FCCC92B7F826400A1A526 /* WaterWin.swift */,
				AC2FCCCB2B7FA41F00A1A526 /* AirWin.swift */,
			);
			path = Components;
			sourceTree = "<group>";
		};
		AC9D32E42B7AAA650018ABF1 /* Screens */ = {
			isa = PBXGroup;
			children = (
				AC2FCC922B7D664400A1A526 /* SplashView.swift */,
				AC9D32F22B7AC28E0018ABF1 /* MenuView.swift */,
				AC9D32E52B7AAA780018ABF1 /* InfoView.swift */,
				AC2FCC852B7C0F8400A1A526 /* WelcomeView.swift */,
				AC2FCC872B7C25DF00A1A526 /* GameView.swift */,
				AC2FCC8B2B7CE89800A1A526 /* LuminanceToAlpha.swift */,
				AC2FCC8D2B7CEA9200A1A526 /* EndGameView.swift */,
				AC2FCCA12B7E620600A1A526 /* WonSpins.swift */,
				AC2FCCCD2B7FB12700A1A526 /* ChestView.swift */,
				AC2FCC962B7D7C3C00A1A526 /* Quest */,
			);
			path = Screens;
			sourceTree = "<group>";
		};
		AC9D32E72B7AACC20018ABF1 /* Extensions */ = {
			isa = PBXGroup;
			children = (
				AC9D32E82B7AACE00018ABF1 /* Image+ext.swift */,
				AC2FCCC12B7EB2F400A1A526 /* AnyTransition+ext.swift */,
			);
			path = Extensions;
			sourceTree = "<group>";
		};
		AC9D32EC2B7AAF030018ABF1 /* Fonts */ = {
			isa = PBXGroup;
			children = (
				AC9D32EF2B7AAF550018ABF1 /* Inter-Black.ttf */,
				AC2FCCCF2B7FB9BB00A1A526 /* Inter-Bold.ttf */,
				AC9D32ED2B7AAF280018ABF1 /* Inter-SemiBold.ttf */,
				AC2FCCD12B7FB9CA00A1A526 /* Inter-Medium.ttf */,
			);
			path = Fonts;
			sourceTree = "<group>";
		};
/* End PBXGroup section */

/* Begin PBXNativeTarget section */
		AC9D32C82B7919050018ABF1 /* GloryCasino */ = {
			isa = PBXNativeTarget;
			buildConfigurationList = AC9D32D72B7919080018ABF1 /* Build configuration list for PBXNativeTarget "GloryCasino" */;
			buildPhases = (
				AC9D32C52B7919050018ABF1 /* Sources */,
				AC9D32C62B7919050018ABF1 /* Frameworks */,
				AC9D32C72B7919050018ABF1 /* Resources */,
			);
			buildRules = (
			);
			dependencies = (
			);
			name = GloryCasino;
			productName = GloryCasino;
			productReference = AC9D32C92B7919050018ABF1 /* GloryCasino.app */;
			productType = "com.apple.product-type.application";
		};
/* End PBXNativeTarget section */

/* Begin PBXProject section */
		AC9D32C12B7919050018ABF1 /* Project object */ = {
			isa = PBXProject;
			attributes = {
				BuildIndependentTargetsInParallel = 1;
				LastSwiftUpdateCheck = 1520;
				LastUpgradeCheck = 1520;
				TargetAttributes = {
					AC9D32C82B7919050018ABF1 = {
						CreatedOnToolsVersion = 15.2;
					};
				};
			};
			buildConfigurationList = AC9D32C42B7919050018ABF1 /* Build configuration list for PBXProject "GloryCasino" */;
			compatibilityVersion = "Xcode 14.0";
			developmentRegion = en;
			hasScannedForEncodings = 0;
			knownRegions = (
				en,
				Base,
			);
			mainGroup = AC9D32C02B7919050018ABF1;
			productRefGroup = AC9D32CA2B7919050018ABF1 /* Products */;
			projectDirPath = "";
			projectRoot = "";
			targets = (
				AC9D32C82B7919050018ABF1 /* GloryCasino */,
			);
		};
/* End PBXProject section */

/* Begin PBXResourcesBuildPhase section */
		AC9D32C72B7919050018ABF1 /* Resources */ = {
			isa = PBXResourcesBuildPhase;
			buildActionMask = 2147483647;
			files = (
				AC9D32EE2B7AAF280018ABF1 /* Inter-SemiBold.ttf in Resources */,
				AC2FCCD02B7FB9BB00A1A526 /* Inter-Bold.ttf in Resources */,
				AC2FCCD22B7FB9CB00A1A526 /* Inter-Medium.ttf in Resources */,
				AC9D32D42B7919080018ABF1 /* Preview Assets.xcassets in Resources */,
				AC9D32D12B7919070018ABF1 /* Assets.xcassets in Resources */,
				AC9D32F02B7AAF550018ABF1 /* Inter-Black.ttf in Resources */,
			);
			runOnlyForDeploymentPostprocessing = 0;
		};
/* End PBXResourcesBuildPhase section */

/* Begin PBXSourcesBuildPhase section */
		AC9D32C52B7919050018ABF1 /* Sources */ = {
			isa = PBXSourcesBuildPhase;
			buildActionMask = 2147483647;
			files = (
				AC9D32EB2B7AAD6E0018ABF1 /* Fonts.swift in Sources */,
				AC2FCC9E2B7DF6BD00A1A526 /* WaterItems.swift in Sources */,
				AC2FCC9C2B7DEEB500A1A526 /* WaterQuest.swift in Sources */,
				AC9D32CF2B7919050018ABF1 /* ContentView.swift in Sources */,
				AC2FCC932B7D664400A1A526 /* SplashView.swift in Sources */,
				AC2FCC902B7D215900A1A526 /* GameLogic.swift in Sources */,
				AC2FCC982B7D7E2400A1A526 /* EarthQuest.swift in Sources */,
				AC2FCC8A2B7C2BC100A1A526 /* PauseView.swift in Sources */,
				AC2FCCC62B7F69F900A1A526 /* FireWin.swift in Sources */,
				AC9D32E92B7AACE00018ABF1 /* Image+ext.swift in Sources */,
				AC2FCC8E2B7CEA9200A1A526 /* EndGameView.swift in Sources */,
				AC2FCC8C2B7CE89800A1A526 /* LuminanceToAlpha.swift in Sources */,
				AC2FCCCA2B7F826400A1A526 /* WaterWin.swift in Sources */,
				AC9D32E32B7AA34A0018ABF1 /* Colors.swift in Sources */,
				AC2FCCA02B7E3B8F00A1A526 /* AirQuest.swift in Sources */,
				AC2FCCC42B7F637B00A1A526 /* EarthWin.swift in Sources */,
				AC2FCC952B7D6B3700A1A526 /* EndGameModel.swift in Sources */,
				AC9D32F32B7AC28E0018ABF1 /* MenuView.swift in Sources */,
				AC2FCCC82B7F709500A1A526 /* FireWinGeometry.swift in Sources */,
				AC9D32DC2B7927040018ABF1 /* Text.swift in Sources */,
				AC2FCC862B7C0F8400A1A526 /* WelcomeView.swift in Sources */,
				AC2FCCC22B7EB2F400A1A526 /* AnyTransition+ext.swift in Sources */,
				AC9D32E02B7AA0060018ABF1 /* BackgroundView.swift in Sources */,
				AC2FCCA22B7E620600A1A526 /* WonSpins.swift in Sources */,
				AC9D32E62B7AAA780018ABF1 /* InfoView.swift in Sources */,
				AC2FCC842B7C0E1D00A1A526 /* BackStartStack.swift in Sources */,
				AC2FCCA42B7E711A00A1A526 /* RaysDust.swift in Sources */,
				AC2FCC882B7C25DF00A1A526 /* GameView.swift in Sources */,
				AC2FCCCE2B7FB12700A1A526 /* ChestView.swift in Sources */,
				AC2FCCCC2B7FA41F00A1A526 /* AirWin.swift in Sources */,
				AC2FCC9A2B7D8D9000A1A526 /* FireQuest.swift in Sources */,
				AC9D32CD2B7919050018ABF1 /* GloryCasinoApp.swift in Sources */,
			);
			runOnlyForDeploymentPostprocessing = 0;
		};
/* End PBXSourcesBuildPhase section */

/* Begin XCBuildConfiguration section */
		AC9D32D52B7919080018ABF1 /* Debug */ = {
			isa = XCBuildConfiguration;
			buildSettings = {
				ALWAYS_SEARCH_USER_PATHS = NO;
				ASSETCATALOG_COMPILER_GENERATE_SWIFT_ASSET_SYMBOL_EXTENSIONS = YES;
				CLANG_ANALYZER_NONNULL = YES;
				CLANG_ANALYZER_NUMBER_OBJECT_CONVERSION = YES_AGGRESSIVE;
				CLANG_CXX_LANGUAGE_STANDARD = "gnu++20";
				CLANG_ENABLE_MODULES = YES;
				CLANG_ENABLE_OBJC_ARC = YES;
				CLANG_ENABLE_OBJC_WEAK = YES;
				CLANG_WARN_BLOCK_CAPTURE_AUTORELEASING = YES;
				CLANG_WARN_BOOL_CONVERSION = YES;
				CLANG_WARN_COMMA = YES;
				CLANG_WARN_CONSTANT_CONVERSION = YES;
				CLANG_WARN_DEPRECATED_OBJC_IMPLEMENTATIONS = YES;
				CLANG_WARN_DIRECT_OBJC_ISA_USAGE = YES_ERROR;
				CLANG_WARN_DOCUMENTATION_COMMENTS = YES;
				CLANG_WARN_EMPTY_BODY = YES;
				CLANG_WARN_ENUM_CONVERSION = YES;
				CLANG_WARN_INFINITE_RECURSION = YES;
				CLANG_WARN_INT_CONVERSION = YES;
				CLANG_WARN_NON_LITERAL_NULL_CONVERSION = YES;
				CLANG_WARN_OBJC_IMPLICIT_RETAIN_SELF = YES;
				CLANG_WARN_OBJC_LITERAL_CONVERSION = YES;
				CLANG_WARN_OBJC_ROOT_CLASS = YES_ERROR;
				CLANG_WARN_QUOTED_INCLUDE_IN_FRAMEWORK_HEADER = YES;
				CLANG_WARN_RANGE_LOOP_ANALYSIS = YES;
				CLANG_WARN_STRICT_PROTOTYPES = YES;
				CLANG_WARN_SUSPICIOUS_MOVE = YES;
				CLANG_WARN_UNGUARDED_AVAILABILITY = YES_AGGRESSIVE;
				CLANG_WARN_UNREACHABLE_CODE = YES;
				CLANG_WARN__DUPLICATE_METHOD_MATCH = YES;
				COPY_PHASE_STRIP = NO;
				DEBUG_INFORMATION_FORMAT = dwarf;
				ENABLE_STRICT_OBJC_MSGSEND = YES;
				ENABLE_TESTABILITY = YES;
				ENABLE_USER_SCRIPT_SANDBOXING = YES;
				GCC_C_LANGUAGE_STANDARD = gnu17;
				GCC_DYNAMIC_NO_PIC = NO;
				GCC_NO_COMMON_BLOCKS = YES;
				GCC_OPTIMIZATION_LEVEL = 0;
				GCC_PREPROCESSOR_DEFINITIONS = (
					"DEBUG=1",
					"$(inherited)",
				);
				GCC_WARN_64_TO_32_BIT_CONVERSION = YES;
				GCC_WARN_ABOUT_RETURN_TYPE = YES_ERROR;
				GCC_WARN_UNDECLARED_SELECTOR = YES;
				GCC_WARN_UNINITIALIZED_AUTOS = YES_AGGRESSIVE;
				GCC_WARN_UNUSED_FUNCTION = YES;
				GCC_WARN_UNUSED_VARIABLE = YES;
				IPHONEOS_DEPLOYMENT_TARGET = 15.0;
				LOCALIZATION_PREFERS_STRING_CATALOGS = YES;
				MTL_ENABLE_DEBUG_INFO = INCLUDE_SOURCE;
				MTL_FAST_MATH = YES;
				ONLY_ACTIVE_ARCH = YES;
				SDKROOT = iphoneos;
				SWIFT_ACTIVE_COMPILATION_CONDITIONS = "DEBUG $(inherited)";
				SWIFT_OPTIMIZATION_LEVEL = "-Onone";
			};
			name = Debug;
		};
		AC9D32D62B7919080018ABF1 /* Release */ = {
			isa = XCBuildConfiguration;
			buildSettings = {
				ALWAYS_SEARCH_USER_PATHS = NO;
				ASSETCATALOG_COMPILER_GENERATE_SWIFT_ASSET_SYMBOL_EXTENSIONS = YES;
				CLANG_ANALYZER_NONNULL = YES;
				CLANG_ANALYZER_NUMBER_OBJECT_CONVERSION = YES_AGGRESSIVE;
				CLANG_CXX_LANGUAGE_STANDARD = "gnu++20";
				CLANG_ENABLE_MODULES = YES;
				CLANG_ENABLE_OBJC_ARC = YES;
				CLANG_ENABLE_OBJC_WEAK = YES;
				CLANG_WARN_BLOCK_CAPTURE_AUTORELEASING = YES;
				CLANG_WARN_BOOL_CONVERSION = YES;
				CLANG_WARN_COMMA = YES;
				CLANG_WARN_CONSTANT_CONVERSION = YES;
				CLANG_WARN_DEPRECATED_OBJC_IMPLEMENTATIONS = YES;
				CLANG_WARN_DIRECT_OBJC_ISA_USAGE = YES_ERROR;
				CLANG_WARN_DOCUMENTATION_COMMENTS = YES;
				CLANG_WARN_EMPTY_BODY = YES;
				CLANG_WARN_ENUM_CONVERSION = YES;
				CLANG_WARN_INFINITE_RECURSION = YES;
				CLANG_WARN_INT_CONVERSION = YES;
				CLANG_WARN_NON_LITERAL_NULL_CONVERSION = YES;
				CLANG_WARN_OBJC_IMPLICIT_RETAIN_SELF = YES;
				CLANG_WARN_OBJC_LITERAL_CONVERSION = YES;
				CLANG_WARN_OBJC_ROOT_CLASS = YES_ERROR;
				CLANG_WARN_QUOTED_INCLUDE_IN_FRAMEWORK_HEADER = YES;
				CLANG_WARN_RANGE_LOOP_ANALYSIS = YES;
				CLANG_WARN_STRICT_PROTOTYPES = YES;
				CLANG_WARN_SUSPICIOUS_MOVE = YES;
				CLANG_WARN_UNGUARDED_AVAILABILITY = YES_AGGRESSIVE;
				CLANG_WARN_UNREACHABLE_CODE = YES;
				CLANG_WARN__DUPLICATE_METHOD_MATCH = YES;
				COPY_PHASE_STRIP = NO;
				DEBUG_INFORMATION_FORMAT = "dwarf-with-dsym";
				ENABLE_NS_ASSERTIONS = NO;
				ENABLE_STRICT_OBJC_MSGSEND = YES;
				ENABLE_USER_SCRIPT_SANDBOXING = YES;
				GCC_C_LANGUAGE_STANDARD = gnu17;
				GCC_NO_COMMON_BLOCKS = YES;
				GCC_WARN_64_TO_32_BIT_CONVERSION = YES;
				GCC_WARN_ABOUT_RETURN_TYPE = YES_ERROR;
				GCC_WARN_UNDECLARED_SELECTOR = YES;
				GCC_WARN_UNINITIALIZED_AUTOS = YES_AGGRESSIVE;
				GCC_WARN_UNUSED_FUNCTION = YES;
				GCC_WARN_UNUSED_VARIABLE = YES;
				IPHONEOS_DEPLOYMENT_TARGET = 15.0;
				LOCALIZATION_PREFERS_STRING_CATALOGS = YES;
				MTL_ENABLE_DEBUG_INFO = NO;
				MTL_FAST_MATH = YES;
				SDKROOT = iphoneos;
				SWIFT_COMPILATION_MODE = wholemodule;
				VALIDATE_PRODUCT = YES;
			};
			name = Release;
		};
		AC9D32D82B7919080018ABF1 /* Debug */ = {
			isa = XCBuildConfiguration;
			buildSettings = {
				ASSETCATALOG_COMPILER_APPICON_NAME = AppIcon;
				ASSETCATALOG_COMPILER_GLOBAL_ACCENT_COLOR_NAME = AccentColor;
				CODE_SIGN_STYLE = Automatic;
				CURRENT_PROJECT_VERSION = 1;
				DEVELOPMENT_ASSET_PATHS = "\"GloryCasino/Preview Content\"";
				DEVELOPMENT_TEAM = 482344W3R3;
				ENABLE_PREVIEWS = YES;
				GENERATE_INFOPLIST_FILE = YES;
				INFOPLIST_FILE = GloryCasino/Info.plist;
				INFOPLIST_KEY_UIApplicationSceneManifest_Generation = YES;
				INFOPLIST_KEY_UIApplicationSupportsIndirectInputEvents = YES;
				INFOPLIST_KEY_UILaunchScreen_Generation = YES;
				INFOPLIST_KEY_UISupportedInterfaceOrientations_iPad = "UIInterfaceOrientationPortrait UIInterfaceOrientationPortraitUpsideDown UIInterfaceOrientationLandscapeLeft UIInterfaceOrientationLandscapeRight";
				INFOPLIST_KEY_UISupportedInterfaceOrientations_iPhone = "UIInterfaceOrientationPortrait UIInterfaceOrientationLandscapeLeft UIInterfaceOrientationLandscapeRight";
				IPHONEOS_DEPLOYMENT_TARGET = 15.0;
				LD_RUNPATH_SEARCH_PATHS = (
					"$(inherited)",
					"@executable_path/Frameworks",
				);
				MARKETING_VERSION = 1.0;
				PRODUCT_BUNDLE_IDENTIFIER = Artemaj.GloryCasino;
				PRODUCT_NAME = "$(TARGET_NAME)";
				SUPPORTED_PLATFORMS = "iphoneos iphonesimulator";
				SUPPORTS_MACCATALYST = NO;
				SUPPORTS_MAC_DESIGNED_FOR_IPHONE_IPAD = NO;
				SUPPORTS_XR_DESIGNED_FOR_IPHONE_IPAD = NO;
				SWIFT_EMIT_LOC_STRINGS = YES;
				SWIFT_VERSION = 5.0;
				TARGETED_DEVICE_FAMILY = 1;
			};
			name = Debug;
		};
		AC9D32D92B7919080018ABF1 /* Release */ = {
			isa = XCBuildConfiguration;
			buildSettings = {
				ASSETCATALOG_COMPILER_APPICON_NAME = AppIcon;
				ASSETCATALOG_COMPILER_GLOBAL_ACCENT_COLOR_NAME = AccentColor;
				CODE_SIGN_STYLE = Automatic;
				CURRENT_PROJECT_VERSION = 1;
				DEVELOPMENT_ASSET_PATHS = "\"GloryCasino/Preview Content\"";
				DEVELOPMENT_TEAM = 482344W3R3;
				ENABLE_PREVIEWS = YES;
				GENERATE_INFOPLIST_FILE = YES;
				INFOPLIST_FILE = GloryCasino/Info.plist;
				INFOPLIST_KEY_UIApplicationSceneManifest_Generation = YES;
				INFOPLIST_KEY_UIApplicationSupportsIndirectInputEvents = YES;
				INFOPLIST_KEY_UILaunchScreen_Generation = YES;
				INFOPLIST_KEY_UISupportedInterfaceOrientations_iPad = "UIInterfaceOrientationPortrait UIInterfaceOrientationPortraitUpsideDown UIInterfaceOrientationLandscapeLeft UIInterfaceOrientationLandscapeRight";
				INFOPLIST_KEY_UISupportedInterfaceOrientations_iPhone = "UIInterfaceOrientationPortrait UIInterfaceOrientationLandscapeLeft UIInterfaceOrientationLandscapeRight";
				IPHONEOS_DEPLOYMENT_TARGET = 15.0;
				LD_RUNPATH_SEARCH_PATHS = (
					"$(inherited)",
					"@executable_path/Frameworks",
				);
				MARKETING_VERSION = 1.0;
				PRODUCT_BUNDLE_IDENTIFIER = Artemaj.GloryCasino;
				PRODUCT_NAME = "$(TARGET_NAME)";
				SUPPORTED_PLATFORMS = "iphoneos iphonesimulator";
				SUPPORTS_MACCATALYST = NO;
				SUPPORTS_MAC_DESIGNED_FOR_IPHONE_IPAD = NO;
				SUPPORTS_XR_DESIGNED_FOR_IPHONE_IPAD = NO;
				SWIFT_EMIT_LOC_STRINGS = YES;
				SWIFT_VERSION = 5.0;
				TARGETED_DEVICE_FAMILY = 1;
			};
			name = Release;
		};
/* End XCBuildConfiguration section */

/* Begin XCConfigurationList section */
		AC9D32C42B7919050018ABF1 /* Build configuration list for PBXProject "GloryCasino" */ = {
			isa = XCConfigurationList;
			buildConfigurations = (
				AC9D32D52B7919080018ABF1 /* Debug */,
				AC9D32D62B7919080018ABF1 /* Release */,
			);
			defaultConfigurationIsVisible = 0;
			defaultConfigurationName = Release;
		};
		AC9D32D72B7919080018ABF1 /* Build configuration list for PBXNativeTarget "GloryCasino" */ = {
			isa = XCConfigurationList;
			buildConfigurations = (
				AC9D32D82B7919080018ABF1 /* Debug */,
				AC9D32D92B7919080018ABF1 /* Release */,
			);
			defaultConfigurationIsVisible = 0;
			defaultConfigurationName = Release;
		};
/* End XCConfigurationList section */
	};
	rootObject = AC9D32C12B7919050018ABF1 /* Project object */;
}
